
Microsoft Visual Studio Solution File, Format Version 12.00
# Visual Studio Version 17
VisualStudioVersion = 17.2.32616.157
MinimumVisualStudioVersion = 10.0.40219.1
Project("{2150E333-8FDC-42A3-9474-1A3956D46DE8}") = "Solution Items", "Solution Items", "{235AA06D-5767-49D1-88F3-F25383FE1CAA}"
	ProjectSection(SolutionItems) = preProject
		.editorconfig = .editorconfig
		.github\workflows\build.yml = .github\workflows\build.yml
		src\Directory.props = src\Directory.props
		.github\workflows\publish.yml = .github\workflows\publish.yml
		readme.md = readme.md
	EndProjectSection
EndProject
Project("{9A19103F-16F7-4668-BE54-9A1E7A4F7556}") = "Merq", "src\Merq\Merq.csproj", "{C6B16D17-4F6A-4457-8497-92068E53DE39}"
EndProject
Project("{9A19103F-16F7-4668-BE54-9A1E7A4F7556}") = "Merq.Core", "src\Merq.Core\Merq.Core.csproj", "{33BDD9D1-3E01-49C1-AB46-50941DFFD5D4}"
EndProject
Project("{9A19103F-16F7-4668-BE54-9A1E7A4F7556}") = "Merq.VisualStudio", "src\Merq.VisualStudio\Merq.VisualStudio.csproj", "{4497EC4D-62B4-4B20-8A4F-15F10B0452FB}"
EndProject
Project("{9A19103F-16F7-4668-BE54-9A1E7A4F7556}") = "Merq.Tests", "src\Merq.Tests\Merq.Tests.csproj", "{A82ADE56-3DF7-435F-830A-4970D508CAFC}"
EndProject
Project("{9A19103F-16F7-4668-BE54-9A1E7A4F7556}") = "Merq.DependencyInjection", "src\Merq.DependencyInjection\Merq.DependencyInjection.csproj", "{8E9A781A-A620-4145-B2AD-FA46C1B1D2F3}"
EndProject
Project("{FAE04EC0-301F-11D3-BF4B-00C04F79EFBC}") = "Merq.Benchmarks", "src\Merq.Benchmarks\Merq.Benchmarks.csproj", "{E92720A0-D2FA-437F-9EFC-64D3A1D529D0}"
EndProject
Global
	GlobalSection(SolutionConfigurationPlatforms) = preSolution
		Debug|Any CPU = Debug|Any CPU
		Release|Any CPU = Release|Any CPU
	EndGlobalSection
	GlobalSection(ProjectConfigurationPlatforms) = postSolution
		{C6B16D17-4F6A-4457-8497-92068E53DE39}.Debug|Any CPU.ActiveCfg = Debug|Any CPU
		{C6B16D17-4F6A-4457-8497-92068E53DE39}.Debug|Any CPU.Build.0 = Debug|Any CPU
		{C6B16D17-4F6A-4457-8497-92068E53DE39}.Release|Any CPU.ActiveCfg = Release|Any CPU
		{C6B16D17-4F6A-4457-8497-92068E53DE39}.Release|Any CPU.Build.0 = Release|Any CPU
		{33BDD9D1-3E01-49C1-AB46-50941DFFD5D4}.Debug|Any CPU.ActiveCfg = Debug|Any CPU
		{33BDD9D1-3E01-49C1-AB46-50941DFFD5D4}.Debug|Any CPU.Build.0 = Debug|Any CPU
		{33BDD9D1-3E01-49C1-AB46-50941DFFD5D4}.Release|Any CPU.ActiveCfg = Release|Any CPU
		{33BDD9D1-3E01-49C1-AB46-50941DFFD5D4}.Release|Any CPU.Build.0 = Release|Any CPU
		{4497EC4D-62B4-4B20-8A4F-15F10B0452FB}.Debug|Any CPU.ActiveCfg = Debug|Any CPU
		{4497EC4D-62B4-4B20-8A4F-15F10B0452FB}.Debug|Any CPU.Build.0 = Debug|Any CPU
		{4497EC4D-62B4-4B20-8A4F-15F10B0452FB}.Release|Any CPU.ActiveCfg = Release|Any CPU
		{4497EC4D-62B4-4B20-8A4F-15F10B0452FB}.Release|Any CPU.Build.0 = Release|Any CPU
		{A82ADE56-3DF7-435F-830A-4970D508CAFC}.Debug|Any CPU.ActiveCfg = Debug|Any CPU
		{A82ADE56-3DF7-435F-830A-4970D508CAFC}.Debug|Any CPU.Build.0 = Debug|Any CPU
		{A82ADE56-3DF7-435F-830A-4970D508CAFC}.Release|Any CPU.ActiveCfg = Release|Any CPU
		{A82ADE56-3DF7-435F-830A-4970D508CAFC}.Release|Any CPU.Build.0 = Release|Any CPU
		{8E9A781A-A620-4145-B2AD-FA46C1B1D2F3}.Debug|Any CPU.ActiveCfg = Debug|Any CPU
		{8E9A781A-A620-4145-B2AD-FA46C1B1D2F3}.Debug|Any CPU.Build.0 = Debug|Any CPU
		{8E9A781A-A620-4145-B2AD-FA46C1B1D2F3}.Release|Any CPU.ActiveCfg = Release|Any CPU
		{8E9A781A-A620-4145-B2AD-FA46C1B1D2F3}.Release|Any CPU.Build.0 = Release|Any CPU
		{E92720A0-D2FA-437F-9EFC-64D3A1D529D0}.Debug|Any CPU.ActiveCfg = Debug|Any CPU
		{E92720A0-D2FA-437F-9EFC-64D3A1D529D0}.Debug|Any CPU.Build.0 = Debug|Any CPU
		{E92720A0-D2FA-437F-9EFC-64D3A1D529D0}.Release|Any CPU.ActiveCfg = Release|Any CPU
		{E92720A0-D2FA-437F-9EFC-64D3A1D529D0}.Release|Any CPU.Build.0 = Release|Any CPU
	EndGlobalSection
	GlobalSection(SolutionProperties) = preSolution
		HideSolutionNode = FALSE
	EndGlobalSection
	GlobalSection(ExtensibilityGlobals) = postSolution
		SolutionGuid = {5F401F53-1497-4C3F-BA2B-915F7560AF17}
	EndGlobalSection
EndGlobal
