
Microsoft Visual Studio Solution File, Format Version 12.00
# Visual Studio Version 17
VisualStudioVersion = 17.2.32616.157
MinimumVisualStudioVersion = 10.0.40219.1
Project("{2150E333-8FDC-42A3-9474-1A3956D46DE8}") = "Solution Items", "Solution Items", "{235AA06D-5767-49D1-88F3-F25383FE1CAA}"
	ProjectSection(SolutionItems) = preProject
		.editorconfig = .editorconfig
		.netconfig = .netconfig
		.github\workflows\build.yml = .github\workflows\build.yml
		src\Directory.props = src\Directory.props
		.github\workflows\publish.yml = .github\workflows\publish.yml
		readme.md = readme.md
	EndProjectSection
EndProject
Project("{9A19103F-16F7-4668-BE54-9A1E7A4F7556}") = "Merq", "src\Merq\Merq.csproj", "{C6B16D17-4F6A-4457-8497-92068E53DE39}"
EndProject
Project("{9A19103F-16F7-4668-BE54-9A1E7A4F7556}") = "Merq.Core", "src\Merq.Core\Merq.Core.csproj", "{33BDD9D1-3E01-49C1-AB46-50941DFFD5D4}"
EndProject
Project("{9A19103F-16F7-4668-BE54-9A1E7A4F7556}") = "Merq.VisualStudio", "src\Merq.VisualStudio\Merq.VisualStudio.csproj", "{4497EC4D-62B4-4B20-8A4F-15F10B0452FB}"
EndProject
Project("{9A19103F-16F7-4668-BE54-9A1E7A4F7556}") = "Merq.Tests", "src\Merq.Tests\Merq.Tests.csproj", "{A82ADE56-3DF7-435F-830A-4970D508CAFC}"
EndProject
Project("{9A19103F-16F7-4668-BE54-9A1E7A4F7556}") = "Merq.Sample", "src\Merq.Sample\Merq.Sample.csproj", "{01147938-BAD0-4E4E-8924-1E0F53B3F934}"
EndProject
Project("{13B669BE-BB05-4DDF-9536-439F39A36129}") = "Merq.DependencyInjection", "src\Merq.DependencyInjection\Merq.DependencyInjection.msbuildproj", "{9A13A6CD-08DD-496B-ACB7-A52CEC8E1FD0}"
EndProject
Project("{9A19103F-16F7-4668-BE54-9A1E7A4F7556}") = "Merq.VisualStudio.Tests", "src\Merq.VisualStudio.Tests\Merq.VisualStudio.Tests.csproj", "{DA774F3B-698B-4BF0-9116-27656BBDA965}"
EndProject
Project("{9A19103F-16F7-4668-BE54-9A1E7A4F7556}") = "Merq.CodeAnalysis", "src\Merq.CodeAnalysis\Merq.CodeAnalysis.csproj", "{932B8838-FB30-4861-A7B9-713430F2867A}"
EndProject
Project("{FAE04EC0-301F-11D3-BF4B-00C04F79EFBC}") = "Merq.CodeFixes", "src\Merq.CodeFixes\Merq.CodeFixes.csproj", "{814DFB6C-01AB-4B9C-B528-CFA2C687858C}"
EndProject
Global
	GlobalSection(SolutionConfigurationPlatforms) = preSolution
		Debug|Any CPU = Debug|Any CPU
		Release|Any CPU = Release|Any CPU
	EndGlobalSection
	GlobalSection(ProjectConfigurationPlatforms) = postSolution
		{C6B16D17-4F6A-4457-8497-92068E53DE39}.Debug|Any CPU.ActiveCfg = Debug|Any CPU
		{C6B16D17-4F6A-4457-8497-92068E53DE39}.Debug|Any CPU.Build.0 = Debug|Any CPU
		{C6B16D17-4F6A-4457-8497-92068E53DE39}.Release|Any CPU.ActiveCfg = Release|Any CPU
		{C6B16D17-4F6A-4457-8497-92068E53DE39}.Release|Any CPU.Build.0 = Release|Any CPU
		{33BDD9D1-3E01-49C1-AB46-50941DFFD5D4}.Debug|Any CPU.ActiveCfg = Debug|Any CPU
		{33BDD9D1-3E01-49C1-AB46-50941DFFD5D4}.Debug|Any CPU.Build.0 = Debug|Any CPU
		{33BDD9D1-3E01-49C1-AB46-50941DFFD5D4}.Release|Any CPU.ActiveCfg = Release|Any CPU
		{33BDD9D1-3E01-49C1-AB46-50941DFFD5D4}.Release|Any CPU.Build.0 = Release|Any CPU
		{4497EC4D-62B4-4B20-8A4F-15F10B0452FB}.Debug|Any CPU.ActiveCfg = Debug|Any CPU
		{4497EC4D-62B4-4B20-8A4F-15F10B0452FB}.Debug|Any CPU.Build.0 = Debug|Any CPU
		{4497EC4D-62B4-4B20-8A4F-15F10B0452FB}.Release|Any CPU.ActiveCfg = Release|Any CPU
		{4497EC4D-62B4-4B20-8A4F-15F10B0452FB}.Release|Any CPU.Build.0 = Release|Any CPU
		{A82ADE56-3DF7-435F-830A-4970D508CAFC}.Debug|Any CPU.ActiveCfg = Debug|Any CPU
		{A82ADE56-3DF7-435F-830A-4970D508CAFC}.Debug|Any CPU.Build.0 = Debug|Any CPU
		{A82ADE56-3DF7-435F-830A-4970D508CAFC}.Release|Any CPU.ActiveCfg = Release|Any CPU
		{A82ADE56-3DF7-435F-830A-4970D508CAFC}.Release|Any CPU.Build.0 = Release|Any CPU
		{01147938-BAD0-4E4E-8924-1E0F53B3F934}.Debug|Any CPU.ActiveCfg = Debug|Any CPU
		{01147938-BAD0-4E4E-8924-1E0F53B3F934}.Debug|Any CPU.Build.0 = Debug|Any CPU
		{01147938-BAD0-4E4E-8924-1E0F53B3F934}.Release|Any CPU.ActiveCfg = Release|Any CPU
		{01147938-BAD0-4E4E-8924-1E0F53B3F934}.Release|Any CPU.Build.0 = Release|Any CPU
		{9A13A6CD-08DD-496B-ACB7-A52CEC8E1FD0}.Debug|Any CPU.ActiveCfg = Debug|Any CPU
		{9A13A6CD-08DD-496B-ACB7-A52CEC8E1FD0}.Debug|Any CPU.Build.0 = Debug|Any CPU
		{9A13A6CD-08DD-496B-ACB7-A52CEC8E1FD0}.Release|Any CPU.ActiveCfg = Release|Any CPU
		{9A13A6CD-08DD-496B-ACB7-A52CEC8E1FD0}.Release|Any CPU.Build.0 = Release|Any CPU
		{DA774F3B-698B-4BF0-9116-27656BBDA965}.Debug|Any CPU.ActiveCfg = Debug|Any CPU
		{DA774F3B-698B-4BF0-9116-27656BBDA965}.Debug|Any CPU.Build.0 = Debug|Any CPU
		{DA774F3B-698B-4BF0-9116-27656BBDA965}.Release|Any CPU.ActiveCfg = Release|Any CPU
		{DA774F3B-698B-4BF0-9116-27656BBDA965}.Release|Any CPU.Build.0 = Release|Any CPU
		{932B8838-FB30-4861-A7B9-713430F2867A}.Debug|Any CPU.ActiveCfg = Debug|Any CPU
		{932B8838-FB30-4861-A7B9-713430F2867A}.Debug|Any CPU.Build.0 = Debug|Any CPU
		{932B8838-FB30-4861-A7B9-713430F2867A}.Release|Any CPU.ActiveCfg = Release|Any CPU
		{932B8838-FB30-4861-A7B9-713430F2867A}.Release|Any CPU.Build.0 = Release|Any CPU
		{814DFB6C-01AB-4B9C-B528-CFA2C687858C}.Debug|Any CPU.ActiveCfg = Debug|Any CPU
		{814DFB6C-01AB-4B9C-B528-CFA2C687858C}.Debug|Any CPU.Build.0 = Debug|Any CPU
		{814DFB6C-01AB-4B9C-B528-CFA2C687858C}.Release|Any CPU.ActiveCfg = Release|Any CPU
		{814DFB6C-01AB-4B9C-B528-CFA2C687858C}.Release|Any CPU.Build.0 = Release|Any CPU
	EndGlobalSection
	GlobalSection(SolutionProperties) = preSolution
		HideSolutionNode = FALSE
	EndGlobalSection
	GlobalSection(ExtensibilityGlobals) = postSolution
		SolutionGuid = {5F401F53-1497-4C3F-BA2B-915F7560AF17}
	EndGlobalSection
EndGlobal
