
Microsoft Visual Studio Solution File, Format Version 12.00
# Visual Studio 15
VisualStudioVersion = 15.0.26206.1
MinimumVisualStudioVersion = 10.0.40219.1
Project("{2150E333-8FDC-42A3-9474-1A3956D46DE8}") = "Solution Items", "Solution Items", "{235AA06D-5767-49D1-88F3-F25383FE1CAA}"
	ProjectSection(SolutionItems) = preProject
		.editorconfig = .editorconfig
		..\appveyor.yml = ..\appveyor.yml
		Before.Merq.sln.targets = Before.Merq.sln.targets
		..\build.cmd = ..\build.cmd
		..\build.proj = ..\build.proj
		GlobalAssemblyInfo.cs = GlobalAssemblyInfo.cs
		Merq.proj = Merq.proj
		Merq.props = Merq.props
		Merq.targets = Merq.targets
		Merq.vssettings = Merq.vssettings
		..\packages.config = ..\packages.config
		..\README.md = ..\README.md
	EndProjectSection
EndProject
Project("{2150E333-8FDC-42A3-9474-1A3956D46DE8}") = "Core", "Core", "{D01702F6-0CCA-4107-883D-57092F592644}"
EndProject
Project("{2150E333-8FDC-42A3-9474-1A3956D46DE8}") = "Async", "Async", "{B1D1E046-35CF-4785-AC95-5099802F3471}"
EndProject
Project("{2150E333-8FDC-42A3-9474-1A3956D46DE8}") = "Core", "Core", "{884E7C4D-254B-4B86-8BC8-3B029DB91D0D}"
	ProjectSection(SolutionItems) = preProject
		Async\Merq.Async.Core\Merq.Async.Core.nuspec = Async\Merq.Async.Core\Merq.Async.Core.nuspec
	EndProjectSection
EndProject
Project("{2150E333-8FDC-42A3-9474-1A3956D46DE8}") = "Installers", "Installers", "{BBDC04E0-3255-4F4C-BD92-009EAF6C7D6A}"
	ProjectSection(SolutionItems) = preProject
		Installers\Merq.Installer.props = Installers\Merq.Installer.props
		Installers\Merq.Installer.targets = Installers\Merq.Installer.targets
	EndProjectSection
EndProject
Project("{2150E333-8FDC-42A3-9474-1A3956D46DE8}") = "Vsix", "Vsix", "{514F4A5F-3C2E-4137-BD6E-4B3A30A68879}"
EndProject
Project("{FAE04EC0-301F-11D3-BF4B-00C04F79EFBC}") = "Merq", "Core\Merq\Merq.csproj", "{C6B16D17-4F6A-4457-8497-92068E53DE39}"
EndProject
Project("{FAE04EC0-301F-11D3-BF4B-00C04F79EFBC}") = "Merq.Core.Tests", "Core\Merq.Core.Tests\Merq.Core.Tests.csproj", "{3A395046-3F7B-4907-9D63-48F92174D2E5}"
EndProject
Project("{FAE04EC0-301F-11D3-BF4B-00C04F79EFBC}") = "Merq.Async.Tests", "Async\Merq.Async.Tests\Merq.Async.Tests.csproj", "{F33AB381-623B-4FF8-9D18-7F4F5A3D8F64}"
EndProject
Project("{FAE04EC0-301F-11D3-BF4B-00C04F79EFBC}") = "Merq.Async.Portable.Tests", "Async\Merq.Async.Portable.Tests\Merq.Async.Portable.Tests.csproj", "{28226B72-AC06-45E6-BEC1-A3DF99365CC0}"
EndProject
Project("{FAE04EC0-301F-11D3-BF4B-00C04F79EFBC}") = "Merq.Core", "Core\Merq.Core\Merq.Core.csproj", "{33BDD9D1-3E01-49C1-AB46-50941DFFD5D4}"
EndProject
Project("{FAE04EC0-301F-11D3-BF4B-00C04F79EFBC}") = "Merq.Async.Core.Desktop", "Async\Merq.Async.Core\Merq.Async.Core.Desktop\Merq.Async.Core.Desktop.csproj", "{31D90692-B7C5-4BE5-9C25-2D2159A157EF}"
EndProject
Project("{FAE04EC0-301F-11D3-BF4B-00C04F79EFBC}") = "Merq.Async.Core.Portable", "Async\Merq.Async.Core\Merq.Async.Core.Portable\Merq.Async.Core.Portable.csproj", "{D7589C3E-1818-4E14-B84D-A275F3218161}"
EndProject
Project("{FAE04EC0-301F-11D3-BF4B-00C04F79EFBC}") = "Merq.Async.TaskScheduler", "Async\Merq.Async.TaskScheduler\Merq.Async.TaskScheduler.csproj", "{351E25F9-09D3-4718-B358-2BE5AD29A33C}"
EndProject
Project("{FAE04EC0-301F-11D3-BF4B-00C04F79EFBC}") = "Merq.Async", "Async\Merq.Async\Merq.Async.csproj", "{9805DCD7-DE83-4E6F-9B78-88851AB66568}"
EndProject
Project("{FAE04EC0-301F-11D3-BF4B-00C04F79EFBC}") = "Merq.Vsix", "Vsix\Merq.Vsix\Merq.Vsix.csproj", "{C9A505CA-F826-473A-8290-B36AF6BE56FB}"
EndProject
Project("{930C7802-8A8C-48F9-8165-68863BCCD9DD}") = "Merq.Msi", "Installers\Merq.Msi\Merq.Msi.wixproj", "{F4FCA9E5-F9AB-4FB5-B239-F4274C45407B}"
	ProjectSection(ProjectDependencies) = postProject
		{C9A505CA-F826-473A-8290-B36AF6BE56FB} = {C9A505CA-F826-473A-8290-B36AF6BE56FB}
	EndProjectSection
EndProject
Project("{FAE04EC0-301F-11D3-BF4B-00C04F79EFBC}") = "Merq.Vsix.Tests", "Vsix\Merq.Vsix.Tests\Merq.Vsix.Tests.csproj", "{882DCF88-ADA6-4425-8E57-8EA4B3201DD5}"
EndProject
Project("{FAE04EC0-301F-11D3-BF4B-00C04F79EFBC}") = "Merq.Vsix.IntegrationTests", "Vsix\Merq.Vsix.IntegrationTests\Merq.Vsix.IntegrationTests.csproj", "{571C5326-8221-4BB0-A5B3-DE0BBEC15F74}"
EndProject
Project("{FAE04EC0-301F-11D3-BF4B-00C04F79EFBC}") = "Merq.Core.Merged", "Vsix\Merq.Core.Merged\Merq.Core.Merged.csproj", "{DA67172B-C15F-4AE3-B34D-2CE7F47811B7}"
EndProject
Global
	GlobalSection(SolutionConfigurationPlatforms) = preSolution
		Debug|Any CPU = Debug|Any CPU
		Debug|x86 = Debug|x86
		Release|Any CPU = Release|Any CPU
		Release|x86 = Release|x86
	EndGlobalSection
	GlobalSection(ProjectConfigurationPlatforms) = postSolution
		{C6B16D17-4F6A-4457-8497-92068E53DE39}.Debug|Any CPU.ActiveCfg = Debug|Any CPU
		{C6B16D17-4F6A-4457-8497-92068E53DE39}.Debug|Any CPU.Build.0 = Debug|Any CPU
		{C6B16D17-4F6A-4457-8497-92068E53DE39}.Debug|x86.ActiveCfg = Debug|Any CPU
		{C6B16D17-4F6A-4457-8497-92068E53DE39}.Debug|x86.Build.0 = Debug|Any CPU
		{C6B16D17-4F6A-4457-8497-92068E53DE39}.Release|Any CPU.ActiveCfg = Release|Any CPU
		{C6B16D17-4F6A-4457-8497-92068E53DE39}.Release|Any CPU.Build.0 = Release|Any CPU
		{C6B16D17-4F6A-4457-8497-92068E53DE39}.Release|x86.ActiveCfg = Release|Any CPU
		{C6B16D17-4F6A-4457-8497-92068E53DE39}.Release|x86.Build.0 = Release|Any CPU
		{3A395046-3F7B-4907-9D63-48F92174D2E5}.Debug|Any CPU.ActiveCfg = Debug|Any CPU
		{3A395046-3F7B-4907-9D63-48F92174D2E5}.Debug|Any CPU.Build.0 = Debug|Any CPU
		{3A395046-3F7B-4907-9D63-48F92174D2E5}.Debug|x86.ActiveCfg = Debug|Any CPU
		{3A395046-3F7B-4907-9D63-48F92174D2E5}.Debug|x86.Build.0 = Debug|Any CPU
		{3A395046-3F7B-4907-9D63-48F92174D2E5}.Release|Any CPU.ActiveCfg = Release|Any CPU
		{3A395046-3F7B-4907-9D63-48F92174D2E5}.Release|Any CPU.Build.0 = Release|Any CPU
		{3A395046-3F7B-4907-9D63-48F92174D2E5}.Release|x86.ActiveCfg = Release|Any CPU
		{3A395046-3F7B-4907-9D63-48F92174D2E5}.Release|x86.Build.0 = Release|Any CPU
		{F33AB381-623B-4FF8-9D18-7F4F5A3D8F64}.Debug|Any CPU.ActiveCfg = Debug|Any CPU
		{F33AB381-623B-4FF8-9D18-7F4F5A3D8F64}.Debug|Any CPU.Build.0 = Debug|Any CPU
		{F33AB381-623B-4FF8-9D18-7F4F5A3D8F64}.Debug|x86.ActiveCfg = Debug|Any CPU
		{F33AB381-623B-4FF8-9D18-7F4F5A3D8F64}.Debug|x86.Build.0 = Debug|Any CPU
		{F33AB381-623B-4FF8-9D18-7F4F5A3D8F64}.Release|Any CPU.ActiveCfg = Release|Any CPU
		{F33AB381-623B-4FF8-9D18-7F4F5A3D8F64}.Release|Any CPU.Build.0 = Release|Any CPU
		{F33AB381-623B-4FF8-9D18-7F4F5A3D8F64}.Release|x86.ActiveCfg = Release|Any CPU
		{F33AB381-623B-4FF8-9D18-7F4F5A3D8F64}.Release|x86.Build.0 = Release|Any CPU
		{28226B72-AC06-45E6-BEC1-A3DF99365CC0}.Debug|Any CPU.ActiveCfg = Debug|Any CPU
		{28226B72-AC06-45E6-BEC1-A3DF99365CC0}.Debug|Any CPU.Build.0 = Debug|Any CPU
		{28226B72-AC06-45E6-BEC1-A3DF99365CC0}.Debug|x86.ActiveCfg = Debug|Any CPU
		{28226B72-AC06-45E6-BEC1-A3DF99365CC0}.Debug|x86.Build.0 = Debug|Any CPU
		{28226B72-AC06-45E6-BEC1-A3DF99365CC0}.Release|Any CPU.ActiveCfg = Release|Any CPU
		{28226B72-AC06-45E6-BEC1-A3DF99365CC0}.Release|Any CPU.Build.0 = Release|Any CPU
		{28226B72-AC06-45E6-BEC1-A3DF99365CC0}.Release|x86.ActiveCfg = Release|Any CPU
		{28226B72-AC06-45E6-BEC1-A3DF99365CC0}.Release|x86.Build.0 = Release|Any CPU
		{33BDD9D1-3E01-49C1-AB46-50941DFFD5D4}.Debug|Any CPU.ActiveCfg = Debug|Any CPU
		{33BDD9D1-3E01-49C1-AB46-50941DFFD5D4}.Debug|Any CPU.Build.0 = Debug|Any CPU
		{33BDD9D1-3E01-49C1-AB46-50941DFFD5D4}.Debug|x86.ActiveCfg = Debug|Any CPU
		{33BDD9D1-3E01-49C1-AB46-50941DFFD5D4}.Debug|x86.Build.0 = Debug|Any CPU
		{33BDD9D1-3E01-49C1-AB46-50941DFFD5D4}.Release|Any CPU.ActiveCfg = Release|Any CPU
		{33BDD9D1-3E01-49C1-AB46-50941DFFD5D4}.Release|Any CPU.Build.0 = Release|Any CPU
		{33BDD9D1-3E01-49C1-AB46-50941DFFD5D4}.Release|x86.ActiveCfg = Release|Any CPU
		{33BDD9D1-3E01-49C1-AB46-50941DFFD5D4}.Release|x86.Build.0 = Release|Any CPU
		{31D90692-B7C5-4BE5-9C25-2D2159A157EF}.Debug|Any CPU.ActiveCfg = Debug|Any CPU
		{31D90692-B7C5-4BE5-9C25-2D2159A157EF}.Debug|Any CPU.Build.0 = Debug|Any CPU
		{31D90692-B7C5-4BE5-9C25-2D2159A157EF}.Debug|x86.ActiveCfg = Debug|Any CPU
		{31D90692-B7C5-4BE5-9C25-2D2159A157EF}.Debug|x86.Build.0 = Debug|Any CPU
		{31D90692-B7C5-4BE5-9C25-2D2159A157EF}.Release|Any CPU.ActiveCfg = Release|Any CPU
		{31D90692-B7C5-4BE5-9C25-2D2159A157EF}.Release|Any CPU.Build.0 = Release|Any CPU
		{31D90692-B7C5-4BE5-9C25-2D2159A157EF}.Release|x86.ActiveCfg = Release|Any CPU
		{31D90692-B7C5-4BE5-9C25-2D2159A157EF}.Release|x86.Build.0 = Release|Any CPU
		{D7589C3E-1818-4E14-B84D-A275F3218161}.Debug|Any CPU.ActiveCfg = Debug|Any CPU
		{D7589C3E-1818-4E14-B84D-A275F3218161}.Debug|Any CPU.Build.0 = Debug|Any CPU
		{D7589C3E-1818-4E14-B84D-A275F3218161}.Debug|x86.ActiveCfg = Debug|Any CPU
		{D7589C3E-1818-4E14-B84D-A275F3218161}.Debug|x86.Build.0 = Debug|Any CPU
		{D7589C3E-1818-4E14-B84D-A275F3218161}.Release|Any CPU.ActiveCfg = Release|Any CPU
		{D7589C3E-1818-4E14-B84D-A275F3218161}.Release|Any CPU.Build.0 = Release|Any CPU
		{D7589C3E-1818-4E14-B84D-A275F3218161}.Release|x86.ActiveCfg = Release|Any CPU
		{D7589C3E-1818-4E14-B84D-A275F3218161}.Release|x86.Build.0 = Release|Any CPU
		{351E25F9-09D3-4718-B358-2BE5AD29A33C}.Debug|Any CPU.ActiveCfg = Debug|Any CPU
		{351E25F9-09D3-4718-B358-2BE5AD29A33C}.Debug|Any CPU.Build.0 = Debug|Any CPU
		{351E25F9-09D3-4718-B358-2BE5AD29A33C}.Debug|x86.ActiveCfg = Debug|Any CPU
		{351E25F9-09D3-4718-B358-2BE5AD29A33C}.Debug|x86.Build.0 = Debug|Any CPU
		{351E25F9-09D3-4718-B358-2BE5AD29A33C}.Release|Any CPU.ActiveCfg = Release|Any CPU
		{351E25F9-09D3-4718-B358-2BE5AD29A33C}.Release|Any CPU.Build.0 = Release|Any CPU
		{351E25F9-09D3-4718-B358-2BE5AD29A33C}.Release|x86.ActiveCfg = Release|Any CPU
		{351E25F9-09D3-4718-B358-2BE5AD29A33C}.Release|x86.Build.0 = Release|Any CPU
		{9805DCD7-DE83-4E6F-9B78-88851AB66568}.Debug|Any CPU.ActiveCfg = Debug|Any CPU
		{9805DCD7-DE83-4E6F-9B78-88851AB66568}.Debug|Any CPU.Build.0 = Debug|Any CPU
		{9805DCD7-DE83-4E6F-9B78-88851AB66568}.Debug|x86.ActiveCfg = Debug|Any CPU
		{9805DCD7-DE83-4E6F-9B78-88851AB66568}.Debug|x86.Build.0 = Debug|Any CPU
		{9805DCD7-DE83-4E6F-9B78-88851AB66568}.Release|Any CPU.ActiveCfg = Release|Any CPU
		{9805DCD7-DE83-4E6F-9B78-88851AB66568}.Release|Any CPU.Build.0 = Release|Any CPU
		{9805DCD7-DE83-4E6F-9B78-88851AB66568}.Release|x86.ActiveCfg = Release|Any CPU
		{9805DCD7-DE83-4E6F-9B78-88851AB66568}.Release|x86.Build.0 = Release|Any CPU
		{C9A505CA-F826-473A-8290-B36AF6BE56FB}.Debug|Any CPU.ActiveCfg = Debug|Any CPU
		{C9A505CA-F826-473A-8290-B36AF6BE56FB}.Debug|Any CPU.Build.0 = Debug|Any CPU
		{C9A505CA-F826-473A-8290-B36AF6BE56FB}.Debug|x86.ActiveCfg = Debug|Any CPU
		{C9A505CA-F826-473A-8290-B36AF6BE56FB}.Debug|x86.Build.0 = Debug|Any CPU
		{C9A505CA-F826-473A-8290-B36AF6BE56FB}.Release|Any CPU.ActiveCfg = Release|Any CPU
		{C9A505CA-F826-473A-8290-B36AF6BE56FB}.Release|Any CPU.Build.0 = Release|Any CPU
		{C9A505CA-F826-473A-8290-B36AF6BE56FB}.Release|x86.ActiveCfg = Release|Any CPU
		{C9A505CA-F826-473A-8290-B36AF6BE56FB}.Release|x86.Build.0 = Release|Any CPU
		{F4FCA9E5-F9AB-4FB5-B239-F4274C45407B}.Debug|Any CPU.ActiveCfg = Debug|x86
		{F4FCA9E5-F9AB-4FB5-B239-F4274C45407B}.Debug|x86.ActiveCfg = Debug|x86
		{F4FCA9E5-F9AB-4FB5-B239-F4274C45407B}.Debug|x86.Build.0 = Debug|x86
		{F4FCA9E5-F9AB-4FB5-B239-F4274C45407B}.Release|Any CPU.ActiveCfg = Release|x86
		{F4FCA9E5-F9AB-4FB5-B239-F4274C45407B}.Release|Any CPU.Build.0 = Release|x86
		{F4FCA9E5-F9AB-4FB5-B239-F4274C45407B}.Release|x86.ActiveCfg = Release|x86
		{F4FCA9E5-F9AB-4FB5-B239-F4274C45407B}.Release|x86.Build.0 = Release|x86
		{882DCF88-ADA6-4425-8E57-8EA4B3201DD5}.Debug|Any CPU.ActiveCfg = Debug|Any CPU
		{882DCF88-ADA6-4425-8E57-8EA4B3201DD5}.Debug|Any CPU.Build.0 = Debug|Any CPU
		{882DCF88-ADA6-4425-8E57-8EA4B3201DD5}.Debug|x86.ActiveCfg = Debug|Any CPU
		{882DCF88-ADA6-4425-8E57-8EA4B3201DD5}.Debug|x86.Build.0 = Debug|Any CPU
		{882DCF88-ADA6-4425-8E57-8EA4B3201DD5}.Release|Any CPU.ActiveCfg = Release|Any CPU
		{882DCF88-ADA6-4425-8E57-8EA4B3201DD5}.Release|Any CPU.Build.0 = Release|Any CPU
		{882DCF88-ADA6-4425-8E57-8EA4B3201DD5}.Release|x86.ActiveCfg = Release|Any CPU
		{882DCF88-ADA6-4425-8E57-8EA4B3201DD5}.Release|x86.Build.0 = Release|Any CPU
		{571C5326-8221-4BB0-A5B3-DE0BBEC15F74}.Debug|Any CPU.ActiveCfg = Debug|Any CPU
		{571C5326-8221-4BB0-A5B3-DE0BBEC15F74}.Debug|Any CPU.Build.0 = Debug|Any CPU
		{571C5326-8221-4BB0-A5B3-DE0BBEC15F74}.Debug|x86.ActiveCfg = Debug|Any CPU
		{571C5326-8221-4BB0-A5B3-DE0BBEC15F74}.Debug|x86.Build.0 = Debug|Any CPU
		{571C5326-8221-4BB0-A5B3-DE0BBEC15F74}.Release|Any CPU.ActiveCfg = Release|Any CPU
		{571C5326-8221-4BB0-A5B3-DE0BBEC15F74}.Release|Any CPU.Build.0 = Release|Any CPU
		{571C5326-8221-4BB0-A5B3-DE0BBEC15F74}.Release|x86.ActiveCfg = Release|Any CPU
		{571C5326-8221-4BB0-A5B3-DE0BBEC15F74}.Release|x86.Build.0 = Release|Any CPU
		{DA67172B-C15F-4AE3-B34D-2CE7F47811B7}.Debug|Any CPU.ActiveCfg = Debug|Any CPU
		{DA67172B-C15F-4AE3-B34D-2CE7F47811B7}.Debug|Any CPU.Build.0 = Debug|Any CPU
		{DA67172B-C15F-4AE3-B34D-2CE7F47811B7}.Debug|x86.ActiveCfg = Debug|Any CPU
		{DA67172B-C15F-4AE3-B34D-2CE7F47811B7}.Debug|x86.Build.0 = Debug|Any CPU
		{DA67172B-C15F-4AE3-B34D-2CE7F47811B7}.Release|Any CPU.ActiveCfg = Release|Any CPU
		{DA67172B-C15F-4AE3-B34D-2CE7F47811B7}.Release|Any CPU.Build.0 = Release|Any CPU
		{DA67172B-C15F-4AE3-B34D-2CE7F47811B7}.Release|x86.ActiveCfg = Release|Any CPU
		{DA67172B-C15F-4AE3-B34D-2CE7F47811B7}.Release|x86.Build.0 = Release|Any CPU
	EndGlobalSection
	GlobalSection(SolutionProperties) = preSolution
		HideSolutionNode = FALSE
	EndGlobalSection
	GlobalSection(NestedProjects) = preSolution
		{884E7C4D-254B-4B86-8BC8-3B029DB91D0D} = {B1D1E046-35CF-4785-AC95-5099802F3471}
		{C6B16D17-4F6A-4457-8497-92068E53DE39} = {D01702F6-0CCA-4107-883D-57092F592644}
		{3A395046-3F7B-4907-9D63-48F92174D2E5} = {D01702F6-0CCA-4107-883D-57092F592644}
		{F33AB381-623B-4FF8-9D18-7F4F5A3D8F64} = {B1D1E046-35CF-4785-AC95-5099802F3471}
		{28226B72-AC06-45E6-BEC1-A3DF99365CC0} = {B1D1E046-35CF-4785-AC95-5099802F3471}
		{33BDD9D1-3E01-49C1-AB46-50941DFFD5D4} = {D01702F6-0CCA-4107-883D-57092F592644}
		{31D90692-B7C5-4BE5-9C25-2D2159A157EF} = {884E7C4D-254B-4B86-8BC8-3B029DB91D0D}
		{D7589C3E-1818-4E14-B84D-A275F3218161} = {884E7C4D-254B-4B86-8BC8-3B029DB91D0D}
		{351E25F9-09D3-4718-B358-2BE5AD29A33C} = {B1D1E046-35CF-4785-AC95-5099802F3471}
		{9805DCD7-DE83-4E6F-9B78-88851AB66568} = {B1D1E046-35CF-4785-AC95-5099802F3471}
		{C9A505CA-F826-473A-8290-B36AF6BE56FB} = {514F4A5F-3C2E-4137-BD6E-4B3A30A68879}
		{F4FCA9E5-F9AB-4FB5-B239-F4274C45407B} = {BBDC04E0-3255-4F4C-BD92-009EAF6C7D6A}
		{882DCF88-ADA6-4425-8E57-8EA4B3201DD5} = {514F4A5F-3C2E-4137-BD6E-4B3A30A68879}
		{571C5326-8221-4BB0-A5B3-DE0BBEC15F74} = {514F4A5F-3C2E-4137-BD6E-4B3A30A68879}
		{DA67172B-C15F-4AE3-B34D-2CE7F47811B7} = {514F4A5F-3C2E-4137-BD6E-4B3A30A68879}
	EndGlobalSection
EndGlobal
